<?xml version="1.0" encoding="utf-8"?>
<Project ToolsVersion="4.0" xmlns="http://schemas.microsoft.com/developer/msbuild/2003">
  <ItemGroup>
    <Filter Include="소스 파일">
      <UniqueIdentifier>{4FC737F1-C7A5-4376-A066-2A32D752A2FF}</UniqueIdentifier>
      <Extensions>cpp;c;cc;cxx;c++;cppm;ixx;def;odl;idl;hpj;bat;asm;asmx</Extensions>
    </Filter>
    <Filter Include="헤더 파일">
      <UniqueIdentifier>{93995380-89BD-4b04-88EB-625FBE52EBFB}</UniqueIdentifier>
      <Extensions>h;hh;hpp;hxx;h++;hm;inl;inc;ipp;xsd</Extensions>
    </Filter>
    <Filter Include="리소스 파일">
      <UniqueIdentifier>{67DA6AB6-F800-4c08-8B7A-83BB121AAD01}</UniqueIdentifier>
      <Extensions>rc;ico;cur;bmp;dlg;rc2;rct;bin;rgs;gif;jpg;jpeg;jpe;resx;tiff;tif;png;wav;mfcribbon-ms</Extensions>
    </Filter>
    <Filter Include="GameManager">
      <UniqueIdentifier>{eebe33dd-8b31-4f04-9477-65390362f466}</UniqueIdentifier>
    </Filter>
    <Filter Include="Object">
      <UniqueIdentifier>{9d45ae66-476b-43e3-8791-4df99bab4fd6}</UniqueIdentifier>
    </Filter>
    <Filter Include="Object\Character">
      <UniqueIdentifier>{fb75df24-35a8-44e3-b992-8c6cf29a0a4c}</UniqueIdentifier>
    </Filter>
    <Filter Include="Object\Item">
      <UniqueIdentifier>{f232d52d-32ec-48c7-8959-85822329607d}</UniqueIdentifier>
    </Filter>
    <Filter Include="Store">
      <UniqueIdentifier>{a5faceb8-5590-4979-a7fa-81848070a8c3}</UniqueIdentifier>
    </Filter>
    <Filter Include="Object\Skill">
      <UniqueIdentifier>{044d2a24-ab2b-4e7b-b304-a6b81ce67053}</UniqueIdentifier>
    </Filter>
  </ItemGroup>
  <ItemGroup>
    <ClCompile Include="241216.cpp">
      <Filter>소스 파일</Filter>
    </ClCompile>
    <ClCompile Include="Item.cpp">
      <Filter>Object\Item</Filter>
    </ClCompile>
    <ClCompile Include="GameManager.cpp">
      <Filter>소스 파일</Filter>
    </ClCompile>
    <ClCompile Include="Object.cpp">
      <Filter>Object</Filter>
    </ClCompile>
    <ClCompile Include="ObjectManager.cpp">
      <Filter>소스 파일</Filter>
    </ClCompile>
    <ClCompile Include="Store.cpp">
      <Filter>Store</Filter>
    </ClCompile>
    <ClCompile Include="StoreManager.cpp">
      <Filter>Store</Filter>
    </ClCompile>
    <ClCompile Include="WeaponStore.cpp">
      <Filter>Store</Filter>
    </ClCompile>
    <ClCompile Include="ArmorStore.cpp">
      <Filter>Store</Filter>
    </ClCompile>
    <ClCompile Include="Player.cpp">
      <Filter>Object\Character</Filter>
    </ClCompile>
    <ClCompile Include="Character.cpp">
      <Filter>Object\Character</Filter>
    </ClCompile>
    <ClCompile Include="Monster.cpp">
      <Filter>Object\Character</Filter>
    </ClCompile>
    <ClCompile Include="Skill.cpp">
      <Filter>Object\Skill</Filter>
    </ClCompile>
    <ClCompile Include="ActiveSkill.cpp">
      <Filter>Object\Skill</Filter>
    </ClCompile>
    <ClCompile Include="ItemWeapon.cpp">
      <Filter>Object\Item</Filter>
    </ClCompile>
    <ClCompile Include="ItemArmor.cpp">
      <Filter>Object\Item</Filter>
    </ClCompile>
    <ClCompile Include="Bash.cpp">
      <Filter>Object\Skill</Filter>
    </ClCompile>
  </ItemGroup>
  <ItemGroup>
    <ClInclude Include="GameInfo.h">
      <Filter>헤더 파일</Filter>
    </ClInclude>
    <ClInclude Include="Item.h">
      <Filter>Object\Item</Filter>
    </ClInclude>
    <ClInclude Include="GameManager.h">
      <Filter>헤더 파일</Filter>
    </ClInclude>
    <ClInclude Include="Object.h">
      <Filter>Object</Filter>
    </ClInclude>
    <ClInclude Include="ObjectManager.h">
      <Filter>헤더 파일</Filter>
    </ClInclude>
    <ClInclude Include="WeaponStore.h">
      <Filter>Store</Filter>
    </ClInclude>
    <ClInclude Include="StoreManager.h">
      <Filter>Store</Filter>
    </ClInclude>
    <ClInclude Include="Store.h">
      <Filter>Store</Filter>
    </ClInclude>
    <ClInclude Include="ArmorStore.h">
      <Filter>Store</Filter>
    </ClInclude>
    <ClInclude Include="Character.h">
      <Filter>Object\Character</Filter>
    </ClInclude>
    <ClInclude Include="Monster.h">
      <Filter>Object\Character</Filter>
    </ClInclude>
    <ClInclude Include="Player.h">
      <Filter>Object\Character</Filter>
    </ClInclude>
    <ClInclude Include="Skill.h">
      <Filter>Object\Skill</Filter>
    </ClInclude>
    <ClInclude Include="ActiveSkill.h">
      <Filter>Object\Skill</Filter>
    </ClInclude>
    <ClInclude Include="ItemWeapon.h">
      <Filter>Object\Item</Filter>
    </ClInclude>
    <ClInclude Include="ItemArmor.h">
      <Filter>Object\Item</Filter>
    </ClInclude>
    <ClInclude Include="Bash.h">
      <Filter>Object\Skill</Filter>
    </ClInclude>
  </ItemGroup>
</Project>