<?xml version="1.0" encoding="utf-8"?>
<Project ToolsVersion="4.0" xmlns="http://schemas.microsoft.com/developer/msbuild/2003">
  <ItemGroup>
    <Filter Include="소스 파일">
      <UniqueIdentifier>{4FC737F1-C7A5-4376-A066-2A32D752A2FF}</UniqueIdentifier>
      <Extensions>cpp;c;cc;cxx;c++;cppm;ixx;def;odl;idl;hpj;bat;asm;asmx</Extensions>
    </Filter>
    <Filter Include="헤더 파일">
      <UniqueIdentifier>{93995380-89BD-4b04-88EB-625FBE52EBFB}</UniqueIdentifier>
      <Extensions>h;hh;hpp;hxx;h++;hm;inl;inc;ipp;xsd</Extensions>
    </Filter>
    <Filter Include="리소스 파일">
      <UniqueIdentifier>{67DA6AB6-F800-4c08-8B7A-83BB121AAD01}</UniqueIdentifier>
      <Extensions>rc;ico;cur;bmp;dlg;rc2;rct;bin;rgs;gif;jpg;jpeg;jpe;resx;tiff;tif;png;wav;mfcribbon-ms</Extensions>
    </Filter>
    <Filter Include="01.GameManager">
      <UniqueIdentifier>{317b05b0-203e-4355-8a12-6239cd6837d2}</UniqueIdentifier>
    </Filter>
    <Filter Include="02.Share">
      <UniqueIdentifier>{5b467b7e-fbde-4ded-9eac-d09783e06938}</UniqueIdentifier>
    </Filter>
    <Filter Include="02.Share\Timer">
      <UniqueIdentifier>{06220133-9980-4055-931d-5385b3a7c180}</UniqueIdentifier>
    </Filter>
    <Filter Include="01.GameManager\Device">
      <UniqueIdentifier>{993f8307-2af2-4d60-9c60-e05808c0f33b}</UniqueIdentifier>
    </Filter>
    <Filter Include="03.Asset">
      <UniqueIdentifier>{ddc0c8d4-b120-4319-bd21-94f7c02fe1db}</UniqueIdentifier>
    </Filter>
    <Filter Include="03.Asset\Mesh">
      <UniqueIdentifier>{74816526-cbdc-4b2d-96f6-ef79782ea961}</UniqueIdentifier>
    </Filter>
    <Filter Include="02.Share\Object">
      <UniqueIdentifier>{7cad19ec-473b-4e59-bd82-d96634acbf5a}</UniqueIdentifier>
    </Filter>
    <Filter Include="02.Share\SharedPtr">
      <UniqueIdentifier>{52c675aa-6741-450a-963f-5c77a5945005}</UniqueIdentifier>
    </Filter>
    <Filter Include="04.Shader">
      <UniqueIdentifier>{31cce56c-d5e0-4b79-890a-8df8bff7f430}</UniqueIdentifier>
    </Filter>
    <Filter Include="04.Shader\HLSL">
      <UniqueIdentifier>{3526fb2f-1642-406d-ab0e-f0149ddb4150}</UniqueIdentifier>
    </Filter>
    <Filter Include="04.Shader\ShaderClass">
      <UniqueIdentifier>{d66f724a-28c4-4552-b65d-b7c22a4841f2}</UniqueIdentifier>
    </Filter>
    <Filter Include="04.Shader\ShaderClass\ColorMesh">
      <UniqueIdentifier>{af2ec9c2-ee3d-4df1-907c-718816a24828}</UniqueIdentifier>
    </Filter>
    <Filter Include="04.Shader\ConstantBuffer">
      <UniqueIdentifier>{171f7b97-7a6d-47dd-adf6-e6a19514f76c}</UniqueIdentifier>
    </Filter>
    <Filter Include="05.Scene">
      <UniqueIdentifier>{44ec1554-84cf-4d9a-bda3-b30e4d7bc12a}</UniqueIdentifier>
    </Filter>
    <Filter Include="06.Object">
      <UniqueIdentifier>{8d8df4f1-c502-4d14-badb-206e25099c88}</UniqueIdentifier>
    </Filter>
    <Filter Include="07.Component">
      <UniqueIdentifier>{e8a493dc-3e61-454a-b235-14c7dfafdc3f}</UniqueIdentifier>
    </Filter>
    <Filter Include="07.Component\SceneComponent">
      <UniqueIdentifier>{3be81705-e899-48fd-8dbe-55cd7cf2a967}</UniqueIdentifier>
    </Filter>
    <Filter Include="05.Scene\Input">
      <UniqueIdentifier>{d89cf9e8-9e3b-4d18-8fb8-3bce9c7308a3}</UniqueIdentifier>
    </Filter>
    <Filter Include="04.Shader\ConstantBuffer\Transform">
      <UniqueIdentifier>{efcbd5b2-74f1-4a80-9f50-2a44d987b63c}</UniqueIdentifier>
    </Filter>
    <Filter Include="05.Scene\Camera">
      <UniqueIdentifier>{fd52cb5d-c13f-4ef6-a3cb-a5b8df130f41}</UniqueIdentifier>
    </Filter>
    <Filter Include="07.Component\NonSceneComponent">
      <UniqueIdentifier>{0923095a-c1b6-488c-9cbe-8d9aa575f33c}</UniqueIdentifier>
    </Filter>
    <Filter Include="06.Object\Bullet">
      <UniqueIdentifier>{6296b6f7-d59b-4660-ba2b-d853e6a7c201}</UniqueIdentifier>
    </Filter>
    <Filter Include="06.Object\Actor">
      <UniqueIdentifier>{365842e3-9690-40b1-a35b-9b486c640875}</UniqueIdentifier>
    </Filter>
    <Filter Include="02.Share\Log">
      <UniqueIdentifier>{9bc52c11-46f2-4d89-abeb-4a6fd601b8e5}</UniqueIdentifier>
    </Filter>
  </ItemGroup>
  <ItemGroup>
    <ClInclude Include="GameManager.h">
      <Filter>01.GameManager</Filter>
    </ClInclude>
    <ClInclude Include="GameInfo.h">
      <Filter>헤더 파일</Filter>
    </ClInclude>
    <ClInclude Include="Vector4D.h">
      <Filter>헤더 파일</Filter>
    </ClInclude>
    <ClInclude Include="Vector3D.h">
      <Filter>헤더 파일</Filter>
    </ClInclude>
    <ClInclude Include="Vector2D.h">
      <Filter>헤더 파일</Filter>
    </ClInclude>
    <ClInclude Include="Share\Timer.h">
      <Filter>02.Share\Timer</Filter>
    </ClInclude>
    <ClInclude Include="Device.h">
      <Filter>01.GameManager\Device</Filter>
    </ClInclude>
    <ClInclude Include="resource.h">
      <Filter>리소스 파일</Filter>
    </ClInclude>
    <ClInclude Include="Asset\AssetManager.h">
      <Filter>03.Asset</Filter>
    </ClInclude>
    <ClInclude Include="Share\Object.h">
      <Filter>02.Share\Object</Filter>
    </ClInclude>
    <ClInclude Include="Asset\Asset.h">
      <Filter>03.Asset</Filter>
    </ClInclude>
    <ClInclude Include="Asset\Mesh\Mesh.h">
      <Filter>03.Asset\Mesh</Filter>
    </ClInclude>
    <ClInclude Include="Asset\Mesh\StaticMesh.h">
      <Filter>03.Asset\Mesh</Filter>
    </ClInclude>
    <ClInclude Include="Share\SharedPtr.h">
      <Filter>02.Share\SharedPtr</Filter>
    </ClInclude>
    <ClInclude Include="Asset\Mesh\MeshManager.h">
      <Filter>03.Asset\Mesh</Filter>
    </ClInclude>
    <ClInclude Include="Shader\Shader.h">
      <Filter>04.Shader\ShaderClass</Filter>
    </ClInclude>
    <ClInclude Include="Shader\ShaderManager.h">
      <Filter>04.Shader</Filter>
    </ClInclude>
    <ClInclude Include="Shader\GraphicShader.h">
      <Filter>04.Shader\ShaderClass</Filter>
    </ClInclude>
    <ClInclude Include="Shader\ComputeShader.h">
      <Filter>04.Shader\ShaderClass</Filter>
    </ClInclude>
    <ClInclude Include="Shader\ColorMeshShader.h">
      <Filter>04.Shader\ShaderClass\ColorMesh</Filter>
    </ClInclude>
    <ClInclude Include="Matrix.h">
      <Filter>헤더 파일</Filter>
    </ClInclude>
    <ClInclude Include="EngineMath.h">
      <Filter>헤더 파일</Filter>
    </ClInclude>
    <ClInclude Include="Scene\Scene.h">
      <Filter>05.Scene</Filter>
    </ClInclude>
    <ClInclude Include="Object\SceneObject.h">
      <Filter>06.Object</Filter>
    </ClInclude>
    <ClInclude Include="Component\Component.h">
      <Filter>07.Component</Filter>
    </ClInclude>
    <ClInclude Include="Scene\SceneMain.h">
      <Filter>05.Scene</Filter>
    </ClInclude>
    <ClInclude Include="Component\SceneComponent.h">
      <Filter>07.Component\SceneComponent</Filter>
    </ClInclude>
    <ClInclude Include="Component\MeshComponent.h">
      <Filter>07.Component\SceneComponent</Filter>
    </ClInclude>
    <ClInclude Include="Component\StaticMeshComponent.h">
      <Filter>07.Component\SceneComponent</Filter>
    </ClInclude>
    <ClInclude Include="Scene\SceneManager.h">
      <Filter>05.Scene</Filter>
    </ClInclude>
    <ClInclude Include="Scene\Input.h">
      <Filter>05.Scene\Input</Filter>
    </ClInclude>
    <ClInclude Include="Shader\ConstantBuffer.h">
      <Filter>04.Shader\ConstantBuffer</Filter>
    </ClInclude>
    <ClInclude Include="Shader\ConstantBufferData.h">
      <Filter>04.Shader\ConstantBuffer</Filter>
    </ClInclude>
    <ClInclude Include="Shader\TransformCBuffer.h">
      <Filter>04.Shader\ConstantBuffer\Transform</Filter>
    </ClInclude>
    <ClInclude Include="Shader\CBufferContainer.h">
      <Filter>04.Shader\ConstantBuffer</Filter>
    </ClInclude>
    <ClInclude Include="Component\CameraComponent.h">
      <Filter>07.Component\SceneComponent</Filter>
    </ClInclude>
    <ClInclude Include="Scene\CameraManager.h">
      <Filter>05.Scene\Camera</Filter>
    </ClInclude>
    <ClInclude Include="Object\BulletObject.h">
      <Filter>06.Object\Bullet</Filter>
    </ClInclude>
    <ClInclude Include="Object\S3BulletObject.h">
      <Filter>06.Object\Bullet</Filter>
    </ClInclude>
    <ClInclude Include="Object\S5BulletObject.h">
      <Filter>06.Object\Bullet</Filter>
    </ClInclude>
    <ClInclude Include="Object\PlayerObject.h">
      <Filter>06.Object\Actor</Filter>
    </ClInclude>
    <ClInclude Include="Share\Log.h">
      <Filter>02.Share\Log</Filter>
    </ClInclude>
    <ClInclude Include="Component\RotationComponent.h">
      <Filter>07.Component\NonSceneComponent</Filter>
    </ClInclude>
    <ClInclude Include="Component\MovementComponent.h">
      <Filter>07.Component\NonSceneComponent</Filter>
    </ClInclude>
  </ItemGroup>
  <ItemGroup>
    <ClCompile Include="main.cpp">
      <Filter>소스 파일</Filter>
    </ClCompile>
    <ClCompile Include="Vector4D.cpp">
      <Filter>소스 파일</Filter>
    </ClCompile>
    <ClCompile Include="GameManager.cpp">
      <Filter>01.GameManager</Filter>
    </ClCompile>
    <ClCompile Include="Share\Timer.cpp">
      <Filter>02.Share\Timer</Filter>
    </ClCompile>
    <ClCompile Include="Device.cpp">
      <Filter>01.GameManager\Device</Filter>
    </ClCompile>
    <ClCompile Include="Asset\AssetManager.cpp">
      <Filter>03.Asset</Filter>
    </ClCompile>
    <ClCompile Include="Share\Object.cpp">
      <Filter>02.Share\Object</Filter>
    </ClCompile>
    <ClCompile Include="Asset\Asset.cpp">
      <Filter>03.Asset</Filter>
    </ClCompile>
    <ClCompile Include="Asset\Mesh\Mesh.cpp">
      <Filter>03.Asset\Mesh</Filter>
    </ClCompile>
    <ClCompile Include="Asset\Mesh\StaticMesh.cpp">
      <Filter>03.Asset\Mesh</Filter>
    </ClCompile>
    <ClCompile Include="Asset\Mesh\MeshManager.cpp">
      <Filter>03.Asset\Mesh</Filter>
    </ClCompile>
    <ClCompile Include="Shader\Shader.cpp">
      <Filter>04.Shader\ShaderClass</Filter>
    </ClCompile>
    <ClCompile Include="Shader\ShaderManager.cpp">
      <Filter>04.Shader</Filter>
    </ClCompile>
    <ClCompile Include="Shader\ComputeShader.cpp">
      <Filter>04.Shader\ShaderClass</Filter>
    </ClCompile>
    <ClCompile Include="Shader\GraphicShader.cpp">
      <Filter>04.Shader\ShaderClass</Filter>
    </ClCompile>
    <ClCompile Include="Shader\ColorMeshShader.cpp">
      <Filter>04.Shader\ShaderClass\ColorMesh</Filter>
    </ClCompile>
    <ClCompile Include="Scene\Scene.cpp">
      <Filter>05.Scene</Filter>
    </ClCompile>
    <ClCompile Include="Object\SceneObject.cpp">
      <Filter>06.Object</Filter>
    </ClCompile>
    <ClCompile Include="Component\Component.cpp">
      <Filter>07.Component</Filter>
    </ClCompile>
    <ClCompile Include="Scene\SceneMain.cpp">
      <Filter>05.Scene</Filter>
    </ClCompile>
    <ClCompile Include="Vector3D.cpp">
      <Filter>소스 파일</Filter>
    </ClCompile>
    <ClCompile Include="Component\SceneComponent.cpp">
      <Filter>07.Component\SceneComponent</Filter>
    </ClCompile>
    <ClCompile Include="Component\MeshComponent.cpp">
      <Filter>07.Component\SceneComponent</Filter>
    </ClCompile>
    <ClCompile Include="Component\StaticMeshComponent.cpp">
      <Filter>07.Component\SceneComponent</Filter>
    </ClCompile>
    <ClCompile Include="Scene\SceneManager.cpp">
      <Filter>05.Scene</Filter>
    </ClCompile>
    <ClCompile Include="Scene\Input.cpp">
      <Filter>05.Scene\Input</Filter>
    </ClCompile>
    <ClCompile Include="Shader\ConstantBuffer.cpp">
      <Filter>04.Shader\ConstantBuffer</Filter>
    </ClCompile>
    <ClCompile Include="Shader\ConstantBufferData.cpp">
      <Filter>04.Shader\ConstantBuffer</Filter>
    </ClCompile>
    <ClCompile Include="Shader\TransformCBuffer.cpp">
      <Filter>04.Shader\ConstantBuffer\Transform</Filter>
    </ClCompile>
    <ClCompile Include="Component\CameraComponent.cpp">
      <Filter>07.Component\SceneComponent</Filter>
    </ClCompile>
    <ClCompile Include="Scene\CameraManager.cpp">
      <Filter>05.Scene\Camera</Filter>
    </ClCompile>
    <ClCompile Include="Object\BulletObject.cpp">
      <Filter>06.Object\Bullet</Filter>
    </ClCompile>
    <ClCompile Include="Object\S3BulletObject.cpp">
      <Filter>06.Object\Bullet</Filter>
    </ClCompile>
    <ClCompile Include="Object\S5BulletObject.cpp">
      <Filter>06.Object\Bullet</Filter>
    </ClCompile>
    <ClCompile Include="Object\PlayerObject.cpp">
      <Filter>06.Object\Actor</Filter>
    </ClCompile>
    <ClCompile Include="Share\Log.cpp">
      <Filter>02.Share\Log</Filter>
    </ClCompile>
    <ClCompile Include="Component\MovementComponent.cpp">
      <Filter>07.Component\NonSceneComponent</Filter>
    </ClCompile>
    <ClCompile Include="Component\RotationComponent.cpp">
      <Filter>07.Component\NonSceneComponent</Filter>
    </ClCompile>
  </ItemGroup>
  <ItemGroup>
    <Image Include="icon1.ico">
      <Filter>리소스 파일</Filter>
    </Image>
  </ItemGroup>
  <ItemGroup>
    <None Include="ClassDiagram.cd" />
  </ItemGroup>
  <ItemGroup>
    <FxCompile Include="..\Bin\Shader\Share.fx">
      <Filter>04.Shader\HLSL</Filter>
    </FxCompile>
    <FxCompile Include="..\Bin\Shader\ColorMesh.fx">
      <Filter>04.Shader\HLSL</Filter>
    </FxCompile>
  </ItemGroup>
</Project>