<?xml version="1.0" encoding="utf-8"?>
<Project ToolsVersion="4.0" xmlns="http://schemas.microsoft.com/developer/msbuild/2003">
  <ItemGroup>
    <Filter Include="소스 파일">
      <UniqueIdentifier>{4FC737F1-C7A5-4376-A066-2A32D752A2FF}</UniqueIdentifier>
      <Extensions>cpp;c;cc;cxx;c++;cppm;ixx;def;odl;idl;hpj;bat;asm;asmx</Extensions>
    </Filter>
    <Filter Include="헤더 파일">
      <UniqueIdentifier>{93995380-89BD-4b04-88EB-625FBE52EBFB}</UniqueIdentifier>
      <Extensions>h;hh;hpp;hxx;h++;hm;inl;inc;ipp;xsd</Extensions>
    </Filter>
    <Filter Include="리소스 파일">
      <UniqueIdentifier>{67DA6AB6-F800-4c08-8B7A-83BB121AAD01}</UniqueIdentifier>
      <Extensions>rc;ico;cur;bmp;dlg;rc2;rct;bin;rgs;gif;jpg;jpeg;jpe;resx;tiff;tif;png;wav;mfcribbon-ms</Extensions>
    </Filter>
    <Filter Include="1GameManager">
      <UniqueIdentifier>{6c4f7285-5afe-4b8b-87fc-877e0d2547a2}</UniqueIdentifier>
    </Filter>
    <Filter Include="2Stage">
      <UniqueIdentifier>{4318fb8c-09c2-4822-b61a-85451e95d3e6}</UniqueIdentifier>
    </Filter>
    <Filter Include="3Object">
      <UniqueIdentifier>{553651c4-ede2-4ae3-88d5-85f39dfdac94}</UniqueIdentifier>
    </Filter>
  </ItemGroup>
  <ItemGroup>
    <ClCompile Include="250108_Tetris.cpp">
      <Filter>소스 파일</Filter>
    </ClCompile>
    <ClCompile Include="GameManager.cpp">
      <Filter>1GameManager</Filter>
    </ClCompile>
    <ClCompile Include="Stage.cpp">
      <Filter>2Stage</Filter>
    </ClCompile>
    <ClCompile Include="StageManager.cpp">
      <Filter>2Stage</Filter>
    </ClCompile>
    <ClCompile Include="Object.cpp">
      <Filter>3Object</Filter>
    </ClCompile>
    <ClCompile Include="ObjectManager.cpp">
      <Filter>3Object</Filter>
    </ClCompile>
    <ClCompile Include="Block.cpp">
      <Filter>3Object</Filter>
    </ClCompile>
  </ItemGroup>
  <ItemGroup>
    <ClInclude Include="GameManager.h">
      <Filter>1GameManager</Filter>
    </ClInclude>
    <ClInclude Include="Stage.h">
      <Filter>2Stage</Filter>
    </ClInclude>
    <ClInclude Include="StageManager.h">
      <Filter>2Stage</Filter>
    </ClInclude>
    <ClInclude Include="Object.h">
      <Filter>3Object</Filter>
    </ClInclude>
    <ClInclude Include="ObjectManager.h">
      <Filter>3Object</Filter>
    </ClInclude>
    <ClInclude Include="GameInfo.h">
      <Filter>헤더 파일</Filter>
    </ClInclude>
    <ClInclude Include="Block.h">
      <Filter>3Object</Filter>
    </ClInclude>
  </ItemGroup>
</Project>